
Microsoft Visual Studio Solution File, Format Version 12.00
# Visual Studio 2013
VisualStudioVersion = 12.0.30501.0
MinimumVisualStudioVersion = 10.0.40219.1
Project("{FAE04EC0-301F-11D3-BF4B-00C04F79EFBC}") = "BCL.Extension.net45", "BCL.Extension.net45\BCL.Extension.net45.csproj", "{80FC0520-D182-449E-991D-4717B1EF5D28}"
EndProject
Project("{FAE04EC0-301F-11D3-BF4B-00C04F79EFBC}") = "BCL.Extension.net40", "BCL.Extension.net40\BCL.Extension.net40.csproj", "{50BD887B-B4F1-4033-AC7F-97ADCBBE1698}"
EndProject
Global
	GlobalSection(SolutionConfigurationPlatforms) = preSolution
		Debug|Any CPU = Debug|Any CPU
		Release|Any CPU = Release|Any CPU
	EndGlobalSection
	GlobalSection(ProjectConfigurationPlatforms) = postSolution
		{80FC0520-D182-449E-991D-4717B1EF5D28}.Debug|Any CPU.ActiveCfg = Debug|Any CPU
		{80FC0520-D182-449E-991D-4717B1EF5D28}.Debug|Any CPU.Build.0 = Debug|Any CPU
		{80FC0520-D182-449E-991D-4717B1EF5D28}.Release|Any CPU.ActiveCfg = Release|Any CPU
		{80FC0520-D182-449E-991D-4717B1EF5D28}.Release|Any CPU.Build.0 = Release|Any CPU
		{50BD887B-B4F1-4033-AC7F-97ADCBBE1698}.Debug|Any CPU.ActiveCfg = Debug|Any CPU
		{50BD887B-B4F1-4033-AC7F-97ADCBBE1698}.Debug|Any CPU.Build.0 = Debug|Any CPU
		{50BD887B-B4F1-4033-AC7F-97ADCBBE1698}.Release|Any CPU.ActiveCfg = Release|Any CPU
		{50BD887B-B4F1-4033-AC7F-97ADCBBE1698}.Release|Any CPU.Build.0 = Release|Any CPU
	EndGlobalSection
	GlobalSection(SolutionProperties) = preSolution
		HideSolutionNode = FALSE
	EndGlobalSection
EndGlobal
